
Microsoft Visual Studio Solution File, Format Version 12.00
# Visual Studio Version 16
VisualStudioVersion = 16.0.30011.22
MinimumVisualStudioVersion = 10.0.40219.1
Project("{535C04D7-A2A5-47C7-83E0-B340A995CD1F}") = "STARTUP", "STARTUP.cblproj", "{417DB407-9442-4038-80A9-FE80D5FCE6E0}"
EndProject
Project("{535C04D7-A2A5-47C7-83E0-B340A995CD1F}") = "APPROJ", "..\APPROJ\APPROJ.cblproj", "{6F145F5A-6832-4BC6-87C4-57A00E48D3A3}"
EndProject
Project("{535C04D7-A2A5-47C7-83E0-B340A995CD1F}") = "ARPROJ", "..\ARPROJ\ARPROJ.cblproj", "{3C3D407D-EA96-421F-B63C-121BE34B02E0}"
EndProject
Project("{535C04D7-A2A5-47C7-83E0-B340A995CD1F}") = "CBLPROJ", "..\CBLPROJ\CBLPROJ.cblproj", "{0F90F167-9333-47FA-A8A9-56270D7AA126}"
EndProject
Project("{535C04D7-A2A5-47C7-83E0-B340A995CD1F}") = "IOPROJ", "..\IOPROJ\IOPROJ.cblproj", "{EE0A15C7-D3F3-4E04-AED1-C454250EAE9D}"
EndProject
Project("{F184B08F-C81C-45F6-A57F-5ABD9991F28F}") = "VBroutines", "..\VBroutines\VBroutines.vbproj", "{D8BEF181-8880-4E2E-81DF-161B114E480F}"
EndProject
Project("{535C04D7-A2A5-47C7-83E0-B340A995CD1F}") = "UctScreen", "..\UctScreen\UctScreen.cblproj", "{E14678E4-3EDD-4FBB-A457-71EFC4585E14}"
EndProject
Project("{535C04D7-A2A5-47C7-83E0-B340A995CD1F}") = "MSPROJ", "..\MSPROJ\MSPROJ.cblproj", "{804D279D-F9F6-437B-A4EB-8BAD21EF10D0}"
EndProject
Project("{535C04D7-A2A5-47C7-83E0-B340A995CD1F}") = "CKPROJ", "..\CKPROJ\CKPROJ.cblproj", "{6633038C-DFD7-462E-842B-136913272913}"
EndProject
Project("{535C04D7-A2A5-47C7-83E0-B340A995CD1F}") = "GLPROJ", "..\GLPROJ\GLPROJ.cblproj", "{3E83E6DB-1B44-41E0-A0D4-B971DC401625}"
EndProject
Project("{535C04D7-A2A5-47C7-83E0-B340A995CD1F}") = "ICPROJ", "..\ICPROJ\ICPROJ.cblproj", "{9713198C-33C9-4F28-81EE-9A63DBCB14E7}"
EndProject
Project("{535C04D7-A2A5-47C7-83E0-B340A995CD1F}") = "OEPROJ", "..\OEPROJ\OEPROJ.cblproj", "{2806FE80-3904-45BD-97A4-7210924394D2}"
EndProject
Project("{535C04D7-A2A5-47C7-83E0-B340A995CD1F}") = "PDFPROJ", "..\PDFPROJ\PDFPROJ.cblproj", "{FD734ABD-F0EF-4E2C-8C08-DCE25C2B92FA}"
EndProject
Project("{535C04D7-A2A5-47C7-83E0-B340A995CD1F}") = "POPROJ", "..\POPROJ\POPROJ.cblproj", "{08C2DF7A-20DE-4559-87A9-CBB6B550B954}"
EndProject
Project("{535C04D7-A2A5-47C7-83E0-B340A995CD1F}") = "SAPROJ", "..\SAPROJ\SAPROJ.cblproj", "{6F636C5E-CC4D-4B17-973E-ADF7DDFECCF7}"
EndProject
Project("{535C04D7-A2A5-47C7-83E0-B340A995CD1F}") = "SMPROJ", "..\SMPROJ\SMPROJ.cblproj", "{1A8A3A04-EA45-40B8-BF32-B280446AE8AC}"
EndProject
Project("{535C04D7-A2A5-47C7-83E0-B340A995CD1F}") = "PIPROJ", "..\PIPROJ\PIPROJ.cblproj", "{818A7A8A-B52D-4297-8DAD-A9902AD7111B}"
EndProject
Project("{F184B08F-C81C-45F6-A57F-5ABD9991F28F}") = "MSPROJVB", "..\..\MSPROJVB\MSPROJVB.vbproj", "{915F0374-9A01-447F-890F-280DB752C95F}"
EndProject
Project("{F184B08F-C81C-45F6-A57F-5ABD9991F28F}") = "GLPROJVB", "..\..\GLPROJVB\GLPROJVB.vbproj", "{57876C4B-AFDA-4501-8F62-7D8531FC19F3}"
EndProject
Project("{F184B08F-C81C-45F6-A57F-5ABD9991F28F}") = "ICPROJVB", "..\..\ICPROJVB\ICPROJVB.vbproj", "{E5A7A926-4607-4E05-BE69-224FFB74E230}"
EndProject
Project("{F184B08F-C81C-45F6-A57F-5ABD9991F28F}") = "CBLPROJVB", "..\..\CBLPROJVB\CBLPROJVB.vbproj", "{ACA642D3-5199-4780-A282-F2126519F235}"
EndProject
Project("{535C04D7-A2A5-47C7-83E0-B340A995CD1F}") = "HHPROJ", "..\HHPROJ\HHPROJ.cblproj", "{BBB3A5E6-E81F-4232-9D55-DA4A87F41A25}"
EndProject
Global
	GlobalSection(SolutionConfigurationPlatforms) = preSolution
		Debug|Any CPU = Debug|Any CPU
		Debug|Mixed Platforms = Debug|Mixed Platforms
		Debug|x64 = Debug|x64
		Debug|x86 = Debug|x86
		Release|Any CPU = Release|Any CPU
		Release|Mixed Platforms = Release|Mixed Platforms
		Release|x64 = Release|x64
		Release|x86 = Release|x86
	EndGlobalSection
	GlobalSection(ProjectConfigurationPlatforms) = postSolution
		{417DB407-9442-4038-80A9-FE80D5FCE6E0}.Debug|Any CPU.ActiveCfg = Debug|Any CPU
		{417DB407-9442-4038-80A9-FE80D5FCE6E0}.Debug|Any CPU.Build.0 = Debug|Any CPU
		{417DB407-9442-4038-80A9-FE80D5FCE6E0}.Debug|Mixed Platforms.ActiveCfg = Debug|Any CPU
		{417DB407-9442-4038-80A9-FE80D5FCE6E0}.Debug|Mixed Platforms.Build.0 = Debug|Any CPU
		{417DB407-9442-4038-80A9-FE80D5FCE6E0}.Debug|x64.ActiveCfg = Debug|Any CPU
		{417DB407-9442-4038-80A9-FE80D5FCE6E0}.Debug|x86.ActiveCfg = Debug|x64
		{417DB407-9442-4038-80A9-FE80D5FCE6E0}.Release|Any CPU.ActiveCfg = Release|Any CPU
		{417DB407-9442-4038-80A9-FE80D5FCE6E0}.Release|Any CPU.Build.0 = Release|Any CPU
		{417DB407-9442-4038-80A9-FE80D5FCE6E0}.Release|Mixed Platforms.ActiveCfg = Release|x64
		{417DB407-9442-4038-80A9-FE80D5FCE6E0}.Release|Mixed Platforms.Build.0 = Release|x64
		{417DB407-9442-4038-80A9-FE80D5FCE6E0}.Release|x64.ActiveCfg = Release|x64
		{417DB407-9442-4038-80A9-FE80D5FCE6E0}.Release|x64.Build.0 = Release|x64
		{417DB407-9442-4038-80A9-FE80D5FCE6E0}.Release|x86.ActiveCfg = Release|x64
		{6F145F5A-6832-4BC6-87C4-57A00E48D3A3}.Debug|Any CPU.ActiveCfg = Debug|Any CPU
		{6F145F5A-6832-4BC6-87C4-57A00E48D3A3}.Debug|Any CPU.Build.0 = Debug|Any CPU
		{6F145F5A-6832-4BC6-87C4-57A00E48D3A3}.Debug|Mixed Platforms.ActiveCfg = Debug|Any CPU
		{6F145F5A-6832-4BC6-87C4-57A00E48D3A3}.Debug|Mixed Platforms.Build.0 = Debug|Any CPU
		{6F145F5A-6832-4BC6-87C4-57A00E48D3A3}.Debug|x64.ActiveCfg = Debug|Any CPU
		{6F145F5A-6832-4BC6-87C4-57A00E48D3A3}.Debug|x86.ActiveCfg = Debug|x64
		{6F145F5A-6832-4BC6-87C4-57A00E48D3A3}.Release|Any CPU.ActiveCfg = Release|Any CPU
		{6F145F5A-6832-4BC6-87C4-57A00E48D3A3}.Release|Any CPU.Build.0 = Release|Any CPU
		{6F145F5A-6832-4BC6-87C4-57A00E48D3A3}.Release|Mixed Platforms.ActiveCfg = Release|x64
		{6F145F5A-6832-4BC6-87C4-57A00E48D3A3}.Release|Mixed Platforms.Build.0 = Release|x64
		{6F145F5A-6832-4BC6-87C4-57A00E48D3A3}.Release|x64.ActiveCfg = Release|x64
		{6F145F5A-6832-4BC6-87C4-57A00E48D3A3}.Release|x64.Build.0 = Release|x64
		{6F145F5A-6832-4BC6-87C4-57A00E48D3A3}.Release|x86.ActiveCfg = Release|x64
		{3C3D407D-EA96-421F-B63C-121BE34B02E0}.Debug|Any CPU.ActiveCfg = Debug|Any CPU
		{3C3D407D-EA96-421F-B63C-121BE34B02E0}.Debug|Any CPU.Build.0 = Debug|Any CPU
		{3C3D407D-EA96-421F-B63C-121BE34B02E0}.Debug|Mixed Platforms.ActiveCfg = Debug|Any CPU
		{3C3D407D-EA96-421F-B63C-121BE34B02E0}.Debug|Mixed Platforms.Build.0 = Debug|Any CPU
		{3C3D407D-EA96-421F-B63C-121BE34B02E0}.Debug|x64.ActiveCfg = Debug|Any CPU
		{3C3D407D-EA96-421F-B63C-121BE34B02E0}.Debug|x86.ActiveCfg = Debug|x64
		{3C3D407D-EA96-421F-B63C-121BE34B02E0}.Release|Any CPU.ActiveCfg = Release|Any CPU
		{3C3D407D-EA96-421F-B63C-121BE34B02E0}.Release|Any CPU.Build.0 = Release|Any CPU
		{3C3D407D-EA96-421F-B63C-121BE34B02E0}.Release|Mixed Platforms.ActiveCfg = Release|x64
		{3C3D407D-EA96-421F-B63C-121BE34B02E0}.Release|Mixed Platforms.Build.0 = Release|x64
		{3C3D407D-EA96-421F-B63C-121BE34B02E0}.Release|x64.ActiveCfg = Release|x64
		{3C3D407D-EA96-421F-B63C-121BE34B02E0}.Release|x64.Build.0 = Release|x64
		{3C3D407D-EA96-421F-B63C-121BE34B02E0}.Release|x86.ActiveCfg = Release|x64
		{0F90F167-9333-47FA-A8A9-56270D7AA126}.Debug|Any CPU.ActiveCfg = Debug|Any CPU
		{0F90F167-9333-47FA-A8A9-56270D7AA126}.Debug|Any CPU.Build.0 = Debug|Any CPU
		{0F90F167-9333-47FA-A8A9-56270D7AA126}.Debug|Mixed Platforms.ActiveCfg = Debug|Any CPU
		{0F90F167-9333-47FA-A8A9-56270D7AA126}.Debug|Mixed Platforms.Build.0 = Debug|Any CPU
		{0F90F167-9333-47FA-A8A9-56270D7AA126}.Debug|x64.ActiveCfg = Debug|Any CPU
		{0F90F167-9333-47FA-A8A9-56270D7AA126}.Debug|x86.ActiveCfg = Debug|x64
		{0F90F167-9333-47FA-A8A9-56270D7AA126}.Release|Any CPU.ActiveCfg = Release|Any CPU
		{0F90F167-9333-47FA-A8A9-56270D7AA126}.Release|Any CPU.Build.0 = Release|Any CPU
		{0F90F167-9333-47FA-A8A9-56270D7AA126}.Release|Mixed Platforms.ActiveCfg = Release|x64
		{0F90F167-9333-47FA-A8A9-56270D7AA126}.Release|Mixed Platforms.Build.0 = Release|x64
		{0F90F167-9333-47FA-A8A9-56270D7AA126}.Release|x64.ActiveCfg = Release|x64
		{0F90F167-9333-47FA-A8A9-56270D7AA126}.Release|x64.Build.0 = Release|x64
		{0F90F167-9333-47FA-A8A9-56270D7AA126}.Release|x86.ActiveCfg = Release|x64
		{EE0A15C7-D3F3-4E04-AED1-C454250EAE9D}.Debug|Any CPU.ActiveCfg = Debug|Any CPU
		{EE0A15C7-D3F3-4E04-AED1-C454250EAE9D}.Debug|Any CPU.Build.0 = Debug|Any CPU
		{EE0A15C7-D3F3-4E04-AED1-C454250EAE9D}.Debug|Mixed Platforms.ActiveCfg = Debug|Any CPU
		{EE0A15C7-D3F3-4E04-AED1-C454250EAE9D}.Debug|Mixed Platforms.Build.0 = Debug|Any CPU
		{EE0A15C7-D3F3-4E04-AED1-C454250EAE9D}.Debug|x64.ActiveCfg = Debug|Any CPU
		{EE0A15C7-D3F3-4E04-AED1-C454250EAE9D}.Debug|x86.ActiveCfg = Debug|x64
		{EE0A15C7-D3F3-4E04-AED1-C454250EAE9D}.Release|Any CPU.ActiveCfg = Release|Any CPU
		{EE0A15C7-D3F3-4E04-AED1-C454250EAE9D}.Release|Any CPU.Build.0 = Release|Any CPU
		{EE0A15C7-D3F3-4E04-AED1-C454250EAE9D}.Release|Mixed Platforms.ActiveCfg = Release|x64
		{EE0A15C7-D3F3-4E04-AED1-C454250EAE9D}.Release|Mixed Platforms.Build.0 = Release|x64
		{EE0A15C7-D3F3-4E04-AED1-C454250EAE9D}.Release|x64.ActiveCfg = Release|x64
		{EE0A15C7-D3F3-4E04-AED1-C454250EAE9D}.Release|x64.Build.0 = Release|x64
		{EE0A15C7-D3F3-4E04-AED1-C454250EAE9D}.Release|x86.ActiveCfg = Release|x64
		{D8BEF181-8880-4E2E-81DF-161B114E480F}.Debug|Any CPU.ActiveCfg = Debug|Any CPU
		{D8BEF181-8880-4E2E-81DF-161B114E480F}.Debug|Any CPU.Build.0 = Debug|Any CPU
		{D8BEF181-8880-4E2E-81DF-161B114E480F}.Debug|Mixed Platforms.ActiveCfg = Debug|Any CPU
		{D8BEF181-8880-4E2E-81DF-161B114E480F}.Debug|Mixed Platforms.Build.0 = Debug|Any CPU
		{D8BEF181-8880-4E2E-81DF-161B114E480F}.Debug|x64.ActiveCfg = Debug|Any CPU
		{D8BEF181-8880-4E2E-81DF-161B114E480F}.Debug|x86.ActiveCfg = Debug|x64
		{D8BEF181-8880-4E2E-81DF-161B114E480F}.Release|Any CPU.ActiveCfg = Release|Any CPU
		{D8BEF181-8880-4E2E-81DF-161B114E480F}.Release|Any CPU.Build.0 = Release|Any CPU
		{D8BEF181-8880-4E2E-81DF-161B114E480F}.Release|Mixed Platforms.ActiveCfg = Release|x64
		{D8BEF181-8880-4E2E-81DF-161B114E480F}.Release|Mixed Platforms.Build.0 = Release|x64
		{D8BEF181-8880-4E2E-81DF-161B114E480F}.Release|x64.ActiveCfg = Release|x64
		{D8BEF181-8880-4E2E-81DF-161B114E480F}.Release|x64.Build.0 = Release|x64
		{D8BEF181-8880-4E2E-81DF-161B114E480F}.Release|x86.ActiveCfg = Release|x64
		{E14678E4-3EDD-4FBB-A457-71EFC4585E14}.Debug|Any CPU.ActiveCfg = Debug|Any CPU
		{E14678E4-3EDD-4FBB-A457-71EFC4585E14}.Debug|Any CPU.Build.0 = Debug|Any CPU
		{E14678E4-3EDD-4FBB-A457-71EFC4585E14}.Debug|Mixed Platforms.ActiveCfg = Debug|Any CPU
		{E14678E4-3EDD-4FBB-A457-71EFC4585E14}.Debug|Mixed Platforms.Build.0 = Debug|Any CPU
		{E14678E4-3EDD-4FBB-A457-71EFC4585E14}.Debug|x64.ActiveCfg = Debug|Any CPU
		{E14678E4-3EDD-4FBB-A457-71EFC4585E14}.Debug|x86.ActiveCfg = Debug|x64
		{E14678E4-3EDD-4FBB-A457-71EFC4585E14}.Release|Any CPU.ActiveCfg = Release|Any CPU
		{E14678E4-3EDD-4FBB-A457-71EFC4585E14}.Release|Any CPU.Build.0 = Release|Any CPU
		{E14678E4-3EDD-4FBB-A457-71EFC4585E14}.Release|Mixed Platforms.ActiveCfg = Release|x64
		{E14678E4-3EDD-4FBB-A457-71EFC4585E14}.Release|Mixed Platforms.Build.0 = Release|x64
		{E14678E4-3EDD-4FBB-A457-71EFC4585E14}.Release|x64.ActiveCfg = Release|x64
		{E14678E4-3EDD-4FBB-A457-71EFC4585E14}.Release|x64.Build.0 = Release|x64
		{E14678E4-3EDD-4FBB-A457-71EFC4585E14}.Release|x86.ActiveCfg = Release|x64
		{804D279D-F9F6-437B-A4EB-8BAD21EF10D0}.Debug|Any CPU.ActiveCfg = Debug|Any CPU
		{804D279D-F9F6-437B-A4EB-8BAD21EF10D0}.Debug|Any CPU.Build.0 = Debug|Any CPU
		{804D279D-F9F6-437B-A4EB-8BAD21EF10D0}.Debug|Mixed Platforms.ActiveCfg = Debug|Any CPU
		{804D279D-F9F6-437B-A4EB-8BAD21EF10D0}.Debug|Mixed Platforms.Build.0 = Debug|Any CPU
		{804D279D-F9F6-437B-A4EB-8BAD21EF10D0}.Debug|x64.ActiveCfg = Debug|Any CPU
		{804D279D-F9F6-437B-A4EB-8BAD21EF10D0}.Debug|x86.ActiveCfg = Debug|x64
		{804D279D-F9F6-437B-A4EB-8BAD21EF10D0}.Release|Any CPU.ActiveCfg = Release|Any CPU
		{804D279D-F9F6-437B-A4EB-8BAD21EF10D0}.Release|Any CPU.Build.0 = Release|Any CPU
		{804D279D-F9F6-437B-A4EB-8BAD21EF10D0}.Release|Mixed Platforms.ActiveCfg = Release|x64
		{804D279D-F9F6-437B-A4EB-8BAD21EF10D0}.Release|Mixed Platforms.Build.0 = Release|x64
		{804D279D-F9F6-437B-A4EB-8BAD21EF10D0}.Release|x64.ActiveCfg = Release|x64
		{804D279D-F9F6-437B-A4EB-8BAD21EF10D0}.Release|x64.Build.0 = Release|x64
		{804D279D-F9F6-437B-A4EB-8BAD21EF10D0}.Release|x86.ActiveCfg = Release|x64
		{6633038C-DFD7-462E-842B-136913272913}.Debug|Any CPU.ActiveCfg = Debug|Any CPU
		{6633038C-DFD7-462E-842B-136913272913}.Debug|Any CPU.Build.0 = Debug|Any CPU
		{6633038C-DFD7-462E-842B-136913272913}.Debug|Mixed Platforms.ActiveCfg = Debug|Any CPU
		{6633038C-DFD7-462E-842B-136913272913}.Debug|Mixed Platforms.Build.0 = Debug|Any CPU
		{6633038C-DFD7-462E-842B-136913272913}.Debug|x64.ActiveCfg = Debug|Any CPU
		{6633038C-DFD7-462E-842B-136913272913}.Debug|x86.ActiveCfg = Debug|x64
		{6633038C-DFD7-462E-842B-136913272913}.Release|Any CPU.ActiveCfg = Release|Any CPU
		{6633038C-DFD7-462E-842B-136913272913}.Release|Any CPU.Build.0 = Release|Any CPU
		{6633038C-DFD7-462E-842B-136913272913}.Release|Mixed Platforms.ActiveCfg = Release|x64
		{6633038C-DFD7-462E-842B-136913272913}.Release|Mixed Platforms.Build.0 = Release|x64
		{6633038C-DFD7-462E-842B-136913272913}.Release|x64.ActiveCfg = Release|x64
		{6633038C-DFD7-462E-842B-136913272913}.Release|x64.Build.0 = Release|x64
		{6633038C-DFD7-462E-842B-136913272913}.Release|x86.ActiveCfg = Release|x64
		{3E83E6DB-1B44-41E0-A0D4-B971DC401625}.Debug|Any CPU.ActiveCfg = Debug|Any CPU
		{3E83E6DB-1B44-41E0-A0D4-B971DC401625}.Debug|Any CPU.Build.0 = Debug|Any CPU
		{3E83E6DB-1B44-41E0-A0D4-B971DC401625}.Debug|Mixed Platforms.ActiveCfg = Debug|Any CPU
		{3E83E6DB-1B44-41E0-A0D4-B971DC401625}.Debug|Mixed Platforms.Build.0 = Debug|Any CPU
		{3E83E6DB-1B44-41E0-A0D4-B971DC401625}.Debug|x64.ActiveCfg = Debug|Any CPU
		{3E83E6DB-1B44-41E0-A0D4-B971DC401625}.Debug|x86.ActiveCfg = Debug|x64
		{3E83E6DB-1B44-41E0-A0D4-B971DC401625}.Release|Any CPU.ActiveCfg = Release|Any CPU
		{3E83E6DB-1B44-41E0-A0D4-B971DC401625}.Release|Any CPU.Build.0 = Release|Any CPU
		{3E83E6DB-1B44-41E0-A0D4-B971DC401625}.Release|Mixed Platforms.ActiveCfg = Release|x64
		{3E83E6DB-1B44-41E0-A0D4-B971DC401625}.Release|Mixed Platforms.Build.0 = Release|x64
		{3E83E6DB-1B44-41E0-A0D4-B971DC401625}.Release|x64.ActiveCfg = Release|x64
		{3E83E6DB-1B44-41E0-A0D4-B971DC401625}.Release|x64.Build.0 = Release|x64
		{3E83E6DB-1B44-41E0-A0D4-B971DC401625}.Release|x86.ActiveCfg = Release|x64
		{9713198C-33C9-4F28-81EE-9A63DBCB14E7}.Debug|Any CPU.ActiveCfg = Debug|Any CPU
		{9713198C-33C9-4F28-81EE-9A63DBCB14E7}.Debug|Any CPU.Build.0 = Debug|Any CPU
		{9713198C-33C9-4F28-81EE-9A63DBCB14E7}.Debug|Mixed Platforms.ActiveCfg = Debug|Any CPU
		{9713198C-33C9-4F28-81EE-9A63DBCB14E7}.Debug|Mixed Platforms.Build.0 = Debug|Any CPU
		{9713198C-33C9-4F28-81EE-9A63DBCB14E7}.Debug|x64.ActiveCfg = Debug|Any CPU
		{9713198C-33C9-4F28-81EE-9A63DBCB14E7}.Debug|x86.ActiveCfg = Debug|x64
		{9713198C-33C9-4F28-81EE-9A63DBCB14E7}.Release|Any CPU.ActiveCfg = Release|Any CPU
		{9713198C-33C9-4F28-81EE-9A63DBCB14E7}.Release|Any CPU.Build.0 = Release|Any CPU
		{9713198C-33C9-4F28-81EE-9A63DBCB14E7}.Release|Mixed Platforms.ActiveCfg = Release|x64
		{9713198C-33C9-4F28-81EE-9A63DBCB14E7}.Release|Mixed Platforms.Build.0 = Release|x64
		{9713198C-33C9-4F28-81EE-9A63DBCB14E7}.Release|x64.ActiveCfg = Release|x64
		{9713198C-33C9-4F28-81EE-9A63DBCB14E7}.Release|x64.Build.0 = Release|x64
		{9713198C-33C9-4F28-81EE-9A63DBCB14E7}.Release|x86.ActiveCfg = Release|x64
		{2806FE80-3904-45BD-97A4-7210924394D2}.Debug|Any CPU.ActiveCfg = Debug|Any CPU
		{2806FE80-3904-45BD-97A4-7210924394D2}.Debug|Any CPU.Build.0 = Debug|Any CPU
		{2806FE80-3904-45BD-97A4-7210924394D2}.Debug|Mixed Platforms.ActiveCfg = Debug|Any CPU
		{2806FE80-3904-45BD-97A4-7210924394D2}.Debug|Mixed Platforms.Build.0 = Debug|Any CPU
		{2806FE80-3904-45BD-97A4-7210924394D2}.Debug|x64.ActiveCfg = Debug|Any CPU
		{2806FE80-3904-45BD-97A4-7210924394D2}.Debug|x86.ActiveCfg = Debug|x64
		{2806FE80-3904-45BD-97A4-7210924394D2}.Release|Any CPU.ActiveCfg = Release|Any CPU
		{2806FE80-3904-45BD-97A4-7210924394D2}.Release|Any CPU.Build.0 = Release|Any CPU
		{2806FE80-3904-45BD-97A4-7210924394D2}.Release|Mixed Platforms.ActiveCfg = Release|x64
		{2806FE80-3904-45BD-97A4-7210924394D2}.Release|Mixed Platforms.Build.0 = Release|x64
		{2806FE80-3904-45BD-97A4-7210924394D2}.Release|x64.ActiveCfg = Release|x64
		{2806FE80-3904-45BD-97A4-7210924394D2}.Release|x64.Build.0 = Release|x64
		{2806FE80-3904-45BD-97A4-7210924394D2}.Release|x86.ActiveCfg = Release|x64
		{FD734ABD-F0EF-4E2C-8C08-DCE25C2B92FA}.Debug|Any CPU.ActiveCfg = Debug|Any CPU
		{FD734ABD-F0EF-4E2C-8C08-DCE25C2B92FA}.Debug|Any CPU.Build.0 = Debug|Any CPU
		{FD734ABD-F0EF-4E2C-8C08-DCE25C2B92FA}.Debug|Mixed Platforms.ActiveCfg = Debug|Any CPU
		{FD734ABD-F0EF-4E2C-8C08-DCE25C2B92FA}.Debug|Mixed Platforms.Build.0 = Debug|Any CPU
		{FD734ABD-F0EF-4E2C-8C08-DCE25C2B92FA}.Debug|x64.ActiveCfg = Debug|Any CPU
		{FD734ABD-F0EF-4E2C-8C08-DCE25C2B92FA}.Debug|x86.ActiveCfg = Debug|x64
		{FD734ABD-F0EF-4E2C-8C08-DCE25C2B92FA}.Release|Any CPU.ActiveCfg = Release|Any CPU
		{FD734ABD-F0EF-4E2C-8C08-DCE25C2B92FA}.Release|Any CPU.Build.0 = Release|Any CPU
		{FD734ABD-F0EF-4E2C-8C08-DCE25C2B92FA}.Release|Mixed Platforms.ActiveCfg = Release|x64
		{FD734ABD-F0EF-4E2C-8C08-DCE25C2B92FA}.Release|Mixed Platforms.Build.0 = Release|x64
		{FD734ABD-F0EF-4E2C-8C08-DCE25C2B92FA}.Release|x64.ActiveCfg = Release|x64
		{FD734ABD-F0EF-4E2C-8C08-DCE25C2B92FA}.Release|x64.Build.0 = Release|x64
		{FD734ABD-F0EF-4E2C-8C08-DCE25C2B92FA}.Release|x86.ActiveCfg = Release|x64
		{08C2DF7A-20DE-4559-87A9-CBB6B550B954}.Debug|Any CPU.ActiveCfg = Debug|Any CPU
		{08C2DF7A-20DE-4559-87A9-CBB6B550B954}.Debug|Any CPU.Build.0 = Debug|Any CPU
		{08C2DF7A-20DE-4559-87A9-CBB6B550B954}.Debug|Mixed Platforms.ActiveCfg = Debug|Any CPU
		{08C2DF7A-20DE-4559-87A9-CBB6B550B954}.Debug|Mixed Platforms.Build.0 = Debug|Any CPU
		{08C2DF7A-20DE-4559-87A9-CBB6B550B954}.Debug|x64.ActiveCfg = Debug|Any CPU
		{08C2DF7A-20DE-4559-87A9-CBB6B550B954}.Debug|x86.ActiveCfg = Debug|x64
		{08C2DF7A-20DE-4559-87A9-CBB6B550B954}.Release|Any CPU.ActiveCfg = Release|Any CPU
		{08C2DF7A-20DE-4559-87A9-CBB6B550B954}.Release|Any CPU.Build.0 = Release|Any CPU
		{08C2DF7A-20DE-4559-87A9-CBB6B550B954}.Release|Mixed Platforms.ActiveCfg = Release|x64
		{08C2DF7A-20DE-4559-87A9-CBB6B550B954}.Release|Mixed Platforms.Build.0 = Release|x64
		{08C2DF7A-20DE-4559-87A9-CBB6B550B954}.Release|x64.ActiveCfg = Release|x64
		{08C2DF7A-20DE-4559-87A9-CBB6B550B954}.Release|x64.Build.0 = Release|x64
		{08C2DF7A-20DE-4559-87A9-CBB6B550B954}.Release|x86.ActiveCfg = Release|x64
		{6F636C5E-CC4D-4B17-973E-ADF7DDFECCF7}.Debug|Any CPU.ActiveCfg = Debug|Any CPU
		{6F636C5E-CC4D-4B17-973E-ADF7DDFECCF7}.Debug|Any CPU.Build.0 = Debug|Any CPU
		{6F636C5E-CC4D-4B17-973E-ADF7DDFECCF7}.Debug|Mixed Platforms.ActiveCfg = Debug|Any CPU
		{6F636C5E-CC4D-4B17-973E-ADF7DDFECCF7}.Debug|Mixed Platforms.Build.0 = Debug|Any CPU
		{6F636C5E-CC4D-4B17-973E-ADF7DDFECCF7}.Debug|x64.ActiveCfg = Debug|Any CPU
		{6F636C5E-CC4D-4B17-973E-ADF7DDFECCF7}.Debug|x86.ActiveCfg = Debug|x64
		{6F636C5E-CC4D-4B17-973E-ADF7DDFECCF7}.Release|Any CPU.ActiveCfg = Release|Any CPU
		{6F636C5E-CC4D-4B17-973E-ADF7DDFECCF7}.Release|Any CPU.Build.0 = Release|Any CPU
		{6F636C5E-CC4D-4B17-973E-ADF7DDFECCF7}.Release|Mixed Platforms.ActiveCfg = Release|x64
		{6F636C5E-CC4D-4B17-973E-ADF7DDFECCF7}.Release|Mixed Platforms.Build.0 = Release|x64
		{6F636C5E-CC4D-4B17-973E-ADF7DDFECCF7}.Release|x64.ActiveCfg = Release|x64
		{6F636C5E-CC4D-4B17-973E-ADF7DDFECCF7}.Release|x64.Build.0 = Release|x64
		{6F636C5E-CC4D-4B17-973E-ADF7DDFECCF7}.Release|x86.ActiveCfg = Release|x64
		{1A8A3A04-EA45-40B8-BF32-B280446AE8AC}.Debug|Any CPU.ActiveCfg = Debug|Any CPU
		{1A8A3A04-EA45-40B8-BF32-B280446AE8AC}.Debug|Any CPU.Build.0 = Debug|Any CPU
		{1A8A3A04-EA45-40B8-BF32-B280446AE8AC}.Debug|Mixed Platforms.ActiveCfg = Debug|Any CPU
		{1A8A3A04-EA45-40B8-BF32-B280446AE8AC}.Debug|Mixed Platforms.Build.0 = Debug|Any CPU
		{1A8A3A04-EA45-40B8-BF32-B280446AE8AC}.Debug|x64.ActiveCfg = Debug|Any CPU
		{1A8A3A04-EA45-40B8-BF32-B280446AE8AC}.Debug|x86.ActiveCfg = Debug|x64
		{1A8A3A04-EA45-40B8-BF32-B280446AE8AC}.Release|Any CPU.ActiveCfg = Release|Any CPU
		{1A8A3A04-EA45-40B8-BF32-B280446AE8AC}.Release|Any CPU.Build.0 = Release|Any CPU
		{1A8A3A04-EA45-40B8-BF32-B280446AE8AC}.Release|Mixed Platforms.ActiveCfg = Release|x64
		{1A8A3A04-EA45-40B8-BF32-B280446AE8AC}.Release|Mixed Platforms.Build.0 = Release|x64
		{1A8A3A04-EA45-40B8-BF32-B280446AE8AC}.Release|x64.ActiveCfg = Release|x64
		{1A8A3A04-EA45-40B8-BF32-B280446AE8AC}.Release|x64.Build.0 = Release|x64
		{1A8A3A04-EA45-40B8-BF32-B280446AE8AC}.Release|x86.ActiveCfg = Release|x64
		{818A7A8A-B52D-4297-8DAD-A9902AD7111B}.Debug|Any CPU.ActiveCfg = Debug|Any CPU
		{818A7A8A-B52D-4297-8DAD-A9902AD7111B}.Debug|Any CPU.Build.0 = Debug|Any CPU
		{818A7A8A-B52D-4297-8DAD-A9902AD7111B}.Debug|Mixed Platforms.ActiveCfg = Debug|Any CPU
		{818A7A8A-B52D-4297-8DAD-A9902AD7111B}.Debug|Mixed Platforms.Build.0 = Debug|Any CPU
		{818A7A8A-B52D-4297-8DAD-A9902AD7111B}.Debug|x64.ActiveCfg = Debug|Any CPU
		{818A7A8A-B52D-4297-8DAD-A9902AD7111B}.Debug|x86.ActiveCfg = Debug|x64
		{818A7A8A-B52D-4297-8DAD-A9902AD7111B}.Release|Any CPU.ActiveCfg = Release|Any CPU
		{818A7A8A-B52D-4297-8DAD-A9902AD7111B}.Release|Any CPU.Build.0 = Release|Any CPU
		{818A7A8A-B52D-4297-8DAD-A9902AD7111B}.Release|Mixed Platforms.ActiveCfg = Release|x64
		{818A7A8A-B52D-4297-8DAD-A9902AD7111B}.Release|Mixed Platforms.Build.0 = Release|x64
		{818A7A8A-B52D-4297-8DAD-A9902AD7111B}.Release|x64.ActiveCfg = Release|x64
		{818A7A8A-B52D-4297-8DAD-A9902AD7111B}.Release|x64.Build.0 = Release|x64
		{818A7A8A-B52D-4297-8DAD-A9902AD7111B}.Release|x86.ActiveCfg = Release|x64
		{915F0374-9A01-447F-890F-280DB752C95F}.Debug|Any CPU.ActiveCfg = Release|Any CPU
		{915F0374-9A01-447F-890F-280DB752C95F}.Debug|Any CPU.Build.0 = Release|Any CPU
		{915F0374-9A01-447F-890F-280DB752C95F}.Debug|Mixed Platforms.ActiveCfg = Debug|Any CPU
		{915F0374-9A01-447F-890F-280DB752C95F}.Debug|Mixed Platforms.Build.0 = Debug|Any CPU
		{915F0374-9A01-447F-890F-280DB752C95F}.Debug|x64.ActiveCfg = Debug|Any CPU
		{915F0374-9A01-447F-890F-280DB752C95F}.Debug|x86.ActiveCfg = Debug|x64
		{915F0374-9A01-447F-890F-280DB752C95F}.Release|Any CPU.ActiveCfg = Release|Any CPU
		{915F0374-9A01-447F-890F-280DB752C95F}.Release|Any CPU.Build.0 = Release|Any CPU
		{915F0374-9A01-447F-890F-280DB752C95F}.Release|Mixed Platforms.ActiveCfg = Release|x64
		{915F0374-9A01-447F-890F-280DB752C95F}.Release|Mixed Platforms.Build.0 = Release|x64
		{915F0374-9A01-447F-890F-280DB752C95F}.Release|x64.ActiveCfg = Release|x64
		{915F0374-9A01-447F-890F-280DB752C95F}.Release|x64.Build.0 = Release|x64
		{915F0374-9A01-447F-890F-280DB752C95F}.Release|x86.ActiveCfg = Release|x64
		{57876C4B-AFDA-4501-8F62-7D8531FC19F3}.Debug|Any CPU.ActiveCfg = Debug|Any CPU
		{57876C4B-AFDA-4501-8F62-7D8531FC19F3}.Debug|Any CPU.Build.0 = Debug|Any CPU
		{57876C4B-AFDA-4501-8F62-7D8531FC19F3}.Debug|Mixed Platforms.ActiveCfg = Debug|Any CPU
		{57876C4B-AFDA-4501-8F62-7D8531FC19F3}.Debug|Mixed Platforms.Build.0 = Debug|Any CPU
		{57876C4B-AFDA-4501-8F62-7D8531FC19F3}.Debug|x64.ActiveCfg = Debug|Any CPU
		{57876C4B-AFDA-4501-8F62-7D8531FC19F3}.Debug|x86.ActiveCfg = Debug|Any CPU
		{57876C4B-AFDA-4501-8F62-7D8531FC19F3}.Release|Any CPU.ActiveCfg = Release|Any CPU
		{57876C4B-AFDA-4501-8F62-7D8531FC19F3}.Release|Any CPU.Build.0 = Release|Any CPU
		{57876C4B-AFDA-4501-8F62-7D8531FC19F3}.Release|Mixed Platforms.ActiveCfg = Release|Any CPU
		{57876C4B-AFDA-4501-8F62-7D8531FC19F3}.Release|Mixed Platforms.Build.0 = Release|Any CPU
		{57876C4B-AFDA-4501-8F62-7D8531FC19F3}.Release|x64.ActiveCfg = Release|Any CPU
		{57876C4B-AFDA-4501-8F62-7D8531FC19F3}.Release|x86.ActiveCfg = Release|Any CPU
		{E5A7A926-4607-4E05-BE69-224FFB74E230}.Debug|Any CPU.ActiveCfg = Debug|Any CPU
		{E5A7A926-4607-4E05-BE69-224FFB74E230}.Debug|Any CPU.Build.0 = Debug|Any CPU
		{E5A7A926-4607-4E05-BE69-224FFB74E230}.Debug|Mixed Platforms.ActiveCfg = Debug|Any CPU
		{E5A7A926-4607-4E05-BE69-224FFB74E230}.Debug|Mixed Platforms.Build.0 = Debug|Any CPU
		{E5A7A926-4607-4E05-BE69-224FFB74E230}.Debug|x64.ActiveCfg = Debug|Any CPU
		{E5A7A926-4607-4E05-BE69-224FFB74E230}.Debug|x86.ActiveCfg = Debug|Any CPU
		{E5A7A926-4607-4E05-BE69-224FFB74E230}.Release|Any CPU.ActiveCfg = Release|Any CPU
		{E5A7A926-4607-4E05-BE69-224FFB74E230}.Release|Any CPU.Build.0 = Release|Any CPU
		{E5A7A926-4607-4E05-BE69-224FFB74E230}.Release|Mixed Platforms.ActiveCfg = Release|Any CPU
		{E5A7A926-4607-4E05-BE69-224FFB74E230}.Release|Mixed Platforms.Build.0 = Release|Any CPU
		{E5A7A926-4607-4E05-BE69-224FFB74E230}.Release|x64.ActiveCfg = Release|Any CPU
		{E5A7A926-4607-4E05-BE69-224FFB74E230}.Release|x86.ActiveCfg = Release|Any CPU
		{ACA642D3-5199-4780-A282-F2126519F235}.Debug|Any CPU.ActiveCfg = Debug|x86
		{ACA642D3-5199-4780-A282-F2126519F235}.Debug|Mixed Platforms.ActiveCfg = Debug|x86
		{ACA642D3-5199-4780-A282-F2126519F235}.Debug|Mixed Platforms.Build.0 = Debug|x86
		{ACA642D3-5199-4780-A282-F2126519F235}.Debug|x64.ActiveCfg = Debug|x86
		{ACA642D3-5199-4780-A282-F2126519F235}.Debug|x86.ActiveCfg = Debug|x86
		{ACA642D3-5199-4780-A282-F2126519F235}.Debug|x86.Build.0 = Debug|x86
		{ACA642D3-5199-4780-A282-F2126519F235}.Release|Any CPU.ActiveCfg = Release|x86
		{ACA642D3-5199-4780-A282-F2126519F235}.Release|Mixed Platforms.ActiveCfg = Release|x86
		{ACA642D3-5199-4780-A282-F2126519F235}.Release|Mixed Platforms.Build.0 = Release|x86
		{ACA642D3-5199-4780-A282-F2126519F235}.Release|x64.ActiveCfg = Release|x86
		{ACA642D3-5199-4780-A282-F2126519F235}.Release|x86.ActiveCfg = Release|x86
		{ACA642D3-5199-4780-A282-F2126519F235}.Release|x86.Build.0 = Release|x86
		{BBB3A5E6-E81F-4232-9D55-DA4A87F41A25}.Debug|Any CPU.ActiveCfg = Debug|Any CPU
		{BBB3A5E6-E81F-4232-9D55-DA4A87F41A25}.Debug|Any CPU.Build.0 = Debug|Any CPU
		{BBB3A5E6-E81F-4232-9D55-DA4A87F41A25}.Debug|Mixed Platforms.ActiveCfg = Debug|Any CPU
		{BBB3A5E6-E81F-4232-9D55-DA4A87F41A25}.Debug|Mixed Platforms.Build.0 = Debug|Any CPU
		{BBB3A5E6-E81F-4232-9D55-DA4A87F41A25}.Debug|x64.ActiveCfg = Debug|Any CPU
		{BBB3A5E6-E81F-4232-9D55-DA4A87F41A25}.Debug|x86.ActiveCfg = Debug|Any CPU
		{BBB3A5E6-E81F-4232-9D55-DA4A87F41A25}.Release|Any CPU.ActiveCfg = Release|Any CPU
		{BBB3A5E6-E81F-4232-9D55-DA4A87F41A25}.Release|Any CPU.Build.0 = Release|Any CPU
		{BBB3A5E6-E81F-4232-9D55-DA4A87F41A25}.Release|Mixed Platforms.ActiveCfg = Release|Any CPU
		{BBB3A5E6-E81F-4232-9D55-DA4A87F41A25}.Release|Mixed Platforms.Build.0 = Release|Any CPU
		{BBB3A5E6-E81F-4232-9D55-DA4A87F41A25}.Release|x64.ActiveCfg = Release|Any CPU
		{BBB3A5E6-E81F-4232-9D55-DA4A87F41A25}.Release|x86.ActiveCfg = Release|Any CPU
	EndGlobalSection
	GlobalSection(SolutionProperties) = preSolution
		HideSolutionNode = FALSE
	EndGlobalSection
	GlobalSection(ExtensibilityGlobals) = postSolution
		SolutionGuid = {33F74C3D-E204-4D89-A797-F47D94B8E63A}
	EndGlobalSection
EndGlobal
